
Microsoft Visual Studio Solution File, Format Version 12.00
# Visual Studio 15
VisualStudioVersion = 15.0.27130.2027
MinimumVisualStudioVersion = 10.0.40219.1
Project("{FAE04EC0-301F-11D3-BF4B-00C04F79EFBC}") = "StringCalculator.Tests", "StringCalculator.Tests\StringCalculator.Tests.csproj", "{BFC410F5-6227-4CD3-B3D4-008FD3C263B5}"
EndProject
Global
	GlobalSection(SolutionConfigurationPlatforms) = preSolution
		Debug|Any CPU = Debug|Any CPU
		Release|Any CPU = Release|Any CPU
	EndGlobalSection
	GlobalSection(ProjectConfigurationPlatforms) = postSolution
		{BFC410F5-6227-4CD3-B3D4-008FD3C263B5}.Debug|Any CPU.ActiveCfg = Debug|Any CPU
		{BFC410F5-6227-4CD3-B3D4-008FD3C263B5}.Debug|Any CPU.Build.0 = Debug|Any CPU
		{BFC410F5-6227-4CD3-B3D4-008FD3C263B5}.Release|Any CPU.ActiveCfg = Release|Any CPU
		{BFC410F5-6227-4CD3-B3D4-008FD3C263B5}.Release|Any CPU.Build.0 = Release|Any CPU
	EndGlobalSection
	GlobalSection(SolutionProperties) = preSolution
		HideSolutionNode = FALSE
	EndGlobalSection
	GlobalSection(ExtensibilityGlobals) = postSolution
		SolutionGuid = {A60153D9-A20E-4300-928F-D359416F6525}
	EndGlobalSection
EndGlobal
